
Microsoft Visual Studio Solution File, Format Version 12.00
# Visual Studio 14
VisualStudioVersion = 14.0.23107.0
MinimumVisualStudioVersion = 10.0.40219.1
Project("{FAE04EC0-301F-11D3-BF4B-00C04F79EFBC}") = "GroupLife", "GroupLife\GroupLife.csproj", "{1F6AA2B8-F362-4722-89D9-AAEB97D35B31}"
EndProject
Project("{FAE04EC0-301F-11D3-BF4B-00C04F79EFBC}") = "POS", "GroupLife\Areas\POS\POS.csproj", "{9B234223-9DF2-49F0-A68C-8E93294DF2ED}"
EndProject
Global
	GlobalSection(SolutionConfigurationPlatforms) = preSolution
		Debug|Any CPU = Debug|Any CPU
		Release|Any CPU = Release|Any CPU
	EndGlobalSection
	GlobalSection(ProjectConfigurationPlatforms) = postSolution
		{1F6AA2B8-F362-4722-89D9-AAEB97D35B31}.Debug|Any CPU.ActiveCfg = Debug|Any CPU
		{1F6AA2B8-F362-4722-89D9-AAEB97D35B31}.Debug|Any CPU.Build.0 = Debug|Any CPU
		{1F6AA2B8-F362-4722-89D9-AAEB97D35B31}.Release|Any CPU.ActiveCfg = Release|Any CPU
		{1F6AA2B8-F362-4722-89D9-AAEB97D35B31}.Release|Any CPU.Build.0 = Release|Any CPU
		{9B234223-9DF2-49F0-A68C-8E93294DF2ED}.Debug|Any CPU.ActiveCfg = Debug|Any CPU
		{9B234223-9DF2-49F0-A68C-8E93294DF2ED}.Debug|Any CPU.Build.0 = Debug|Any CPU
		{9B234223-9DF2-49F0-A68C-8E93294DF2ED}.Release|Any CPU.ActiveCfg = Release|Any CPU
		{9B234223-9DF2-49F0-A68C-8E93294DF2ED}.Release|Any CPU.Build.0 = Release|Any CPU
	EndGlobalSection
	GlobalSection(SolutionProperties) = preSolution
		HideSolutionNode = FALSE
	EndGlobalSection
EndGlobal
